// !$*UTF8*$!
{
	archiveVersion = 1;
	classes = {
	};
	objectVersion = 56;
	objects = {

/* Begin PBXBuildFile section */
		AE56A2CA029312BEF5A70144 /* Pods_UIComponents.framework in Frameworks */ = {isa = PBXBuildFile; fileRef = 716A22452FF548E0812AB4C0 /* Pods_UIComponents.framework */; };
		E2045C782A22238000798787 /* UiScrollViewController.swift in Sources */ = {isa = PBXBuildFile; fileRef = E2045C772A22238000798787 /* UiScrollViewController.swift */; };
		E2045C7A2A2223DD00798787 /* UiControlViewController.swift in Sources */ = {isa = PBXBuildFile; fileRef = E2045C792A2223DD00798787 /* UiControlViewController.swift */; };
		E2045C7E2A22240E00798787 /* UiNavigationViewController.swift in Sources */ = {isa = PBXBuildFile; fileRef = E2045C7D2A22240E00798787 /* UiNavigationViewController.swift */; };
		E2045C812A2224CA00798787 /* ViewControllerTableViewCell.swift in Sources */ = {isa = PBXBuildFile; fileRef = E2045C7F2A2224CA00798787 /* ViewControllerTableViewCell.swift */; };
		E2045C822A2224CB00798787 /* ViewControllerTableViewCell.xib in Resources */ = {isa = PBXBuildFile; fileRef = E2045C802A2224CA00798787 /* ViewControllerTableViewCell.xib */; };
		E2045C842A2230DA00798787 /* StackViewController.swift in Sources */ = {isa = PBXBuildFile; fileRef = E2045C832A2230DA00798787 /* StackViewController.swift */; };
		E2045C862A22310A00798787 /* TabBarViewController.swift in Sources */ = {isa = PBXBuildFile; fileRef = E2045C852A22310A00798787 /* TabBarViewController.swift */; };
		E2056E142A62BD1200511A4A /* WebService.storyboard in Resources */ = {isa = PBXBuildFile; fileRef = E2056E132A62BD1200511A4A /* WebService.storyboard */; };
		E2056E172A62BE2500511A4A /* EmployeeViewController.swift in Sources */ = {isa = PBXBuildFile; fileRef = E2056E162A62BE2500511A4A /* EmployeeViewController.swift */; };
		E2056E1C2A62BF2B00511A4A /* EmployeeViewModel.swift in Sources */ = {isa = PBXBuildFile; fileRef = E2056E1B2A62BF2B00511A4A /* EmployeeViewModel.swift */; };
		E2056E1E2A62BF8000511A4A /* DynamicClass.swift in Sources */ = {isa = PBXBuildFile; fileRef = E2056E1D2A62BF8000511A4A /* DynamicClass.swift */; };
		E2056E202A62BFC100511A4A /* UiViewExtension.swift in Sources */ = {isa = PBXBuildFile; fileRef = E2056E1F2A62BFC100511A4A /* UiViewExtension.swift */; };
		E2056E222A62C0EA00511A4A /* EmployeeModel.swift in Sources */ = {isa = PBXBuildFile; fileRef = E2056E212A62C0EA00511A4A /* EmployeeModel.swift */; };
		E2056E242A62C16B00511A4A /* ApiManager.swift in Sources */ = {isa = PBXBuildFile; fileRef = E2056E232A62C16B00511A4A /* ApiManager.swift */; };
		E210200429F645F100484731 /* AppDelegate.swift in Sources */ = {isa = PBXBuildFile; fileRef = E210200329F645F100484731 /* AppDelegate.swift */; };
		E210200629F645F100484731 /* SceneDelegate.swift in Sources */ = {isa = PBXBuildFile; fileRef = E210200529F645F100484731 /* SceneDelegate.swift */; };
		E210200829F645F100484731 /* LabelDemoViewController.swift in Sources */ = {isa = PBXBuildFile; fileRef = E210200729F645F100484731 /* LabelDemoViewController.swift */; };
		E210200B29F645F100484731 /* Main.storyboard in Resources */ = {isa = PBXBuildFile; fileRef = E210200929F645F100484731 /* Main.storyboard */; };
		E210200D29F645F200484731 /* Assets.xcassets in Resources */ = {isa = PBXBuildFile; fileRef = E210200C29F645F200484731 /* Assets.xcassets */; };
		E210201029F645F200484731 /* LaunchScreen.storyboard in Resources */ = {isa = PBXBuildFile; fileRef = E210200E29F645F200484731 /* LaunchScreen.storyboard */; };
		E210201829F679E000484731 /* ButtonDemoViewController.swift in Sources */ = {isa = PBXBuildFile; fileRef = E210201729F679E000484731 /* ButtonDemoViewController.swift */; };
		E213E4BE2A00E5F7002DB1F5 /* Ecommerce.swift in Sources */ = {isa = PBXBuildFile; fileRef = E213E4BD2A00E5F7002DB1F5 /* Ecommerce.swift */; };
		E218F8D12A134DAC00D890CB /* Enumeration.swift in Sources */ = {isa = PBXBuildFile; fileRef = E218F8D02A134DAC00D890CB /* Enumeration.swift */; };
		E2307D972A0100B400879DB4 /* CartTableViewController.swift in Sources */ = {isa = PBXBuildFile; fileRef = E2307D962A0100B400879DB4 /* CartTableViewController.swift */; };
		E2307D992A01013B00879DB4 /* CartItemCell.swift in Sources */ = {isa = PBXBuildFile; fileRef = E2307D982A01013B00879DB4 /* CartItemCell.swift */; };
		E2347DD92A67A89D00128F0D /* LoginViewController.swift in Sources */ = {isa = PBXBuildFile; fileRef = E2347DD82A67A89D00128F0D /* LoginViewController.swift */; };
		E2347DDB2A67A8BC00128F0D /* SignUpViewController.swift in Sources */ = {isa = PBXBuildFile; fileRef = E2347DDA2A67A8BC00128F0D /* SignUpViewController.swift */; };
		E2347DDE2A67A8F300128F0D /* LoginSignupModel.swift in Sources */ = {isa = PBXBuildFile; fileRef = E2347DDD2A67A8F300128F0D /* LoginSignupModel.swift */; };
		E2347DE12A67A93000128F0D /* SignUpViewModel.swift in Sources */ = {isa = PBXBuildFile; fileRef = E2347DE02A67A93000128F0D /* SignUpViewModel.swift */; };
		E2347DE32A67A94600128F0D /* LoginViewModel.swift in Sources */ = {isa = PBXBuildFile; fileRef = E2347DE22A67A94600128F0D /* LoginViewModel.swift */; };
		E23BAEF82A04B39C00803E20 /* UIControl.storyboard in Resources */ = {isa = PBXBuildFile; fileRef = E23BAEF72A04B39C00803E20 /* UIControl.storyboard */; };
		E24263E72A21FDB800D0207F /* ControllerIdentifiers.swift in Sources */ = {isa = PBXBuildFile; fileRef = E24263E62A21FDB800D0207F /* ControllerIdentifiers.swift */; };
		E2431AAC2A0A48B600DEE5A2 /* UIImages.swift in Sources */ = {isa = PBXBuildFile; fileRef = E2431AAB2A0A48B600DEE5A2 /* UIImages.swift */; };
		E243F22D2A627FB200C55446 /* ParkingLotModel.swift in Sources */ = {isa = PBXBuildFile; fileRef = E243F22C2A627FB200C55446 /* ParkingLotModel.swift */; };
		E24FD86E2A0BC651002A73D6 /* UiSearchBarViewController.swift in Sources */ = {isa = PBXBuildFile; fileRef = E24FD86D2A0BC651002A73D6 /* UiSearchBarViewController.swift */; };
		E2512CB429FBA82D00063AAE /* TableViewDemoViewController.swift in Sources */ = {isa = PBXBuildFile; fileRef = E2512CB329FBA82D00063AAE /* TableViewDemoViewController.swift */; };
		E2512CB929FBE04700063AAE /* TableViewCellWithXIB.swift in Sources */ = {isa = PBXBuildFile; fileRef = E2512CB729FBE04700063AAE /* TableViewCellWithXIB.swift */; };
		E2512CBA29FBE04700063AAE /* TableViewCellWithXIB.xib in Resources */ = {isa = PBXBuildFile; fileRef = E2512CB829FBE04700063AAE /* TableViewCellWithXIB.xib */; };
		E25C86BB29F7B7CA00073BED /* TextFieldDemoViewController.swift in Sources */ = {isa = PBXBuildFile; fileRef = E25C86BA29F7B7CA00073BED /* TextFieldDemoViewController.swift */; };
		E25C86BD29F7F9FA00073BED /* TextViewDemoViewController.swift in Sources */ = {isa = PBXBuildFile; fileRef = E25C86BC29F7F9FA00073BED /* TextViewDemoViewController.swift */; };
		E25CAB362A62C5DF00E4ED04 /* ApiRequest.swift in Sources */ = {isa = PBXBuildFile; fileRef = E25CAB352A62C5DF00E4ED04 /* ApiRequest.swift */; };
		E25CAB392A62C6CC00E4ED04 /* WebServiceViewController.swift in Sources */ = {isa = PBXBuildFile; fileRef = E25CAB382A62C6CC00E4ED04 /* WebServiceViewController.swift */; };
		E25D27492A0A0C08004A141F /* GameCharacterCollectionHeader.swift in Sources */ = {isa = PBXBuildFile; fileRef = E25D27472A0A0C08004A141F /* GameCharacterCollectionHeader.swift */; };
		E25D274A2A0A0C08004A141F /* GameCharacterCollectionHeader.xib in Resources */ = {isa = PBXBuildFile; fileRef = E25D27482A0A0C08004A141F /* GameCharacterCollectionHeader.xib */; };
		E2664DCB2A0BD26700DAF867 /* Country.swift in Sources */ = {isa = PBXBuildFile; fileRef = E2664DCA2A0BD26700DAF867 /* Country.swift */; };
		E266AEA32A0A4F0D00567C7E /* UINavigationController.storyboard in Resources */ = {isa = PBXBuildFile; fileRef = E266AEA22A0A4F0D00567C7E /* UINavigationController.storyboard */; };
		E266AEA52A0A52DE00567C7E /* ImagePickerDemoViewController.swift in Sources */ = {isa = PBXBuildFile; fileRef = E266AEA42A0A52DE00567C7E /* ImagePickerDemoViewController.swift */; };
		E266AEA72A0A7A7C00567C7E /* ActivityIndicatorAndWebViewController.swift in Sources */ = {isa = PBXBuildFile; fileRef = E266AEA62A0A7A7C00567C7E /* ActivityIndicatorAndWebViewController.swift */; };
		E26892702A604BEF00FD50C2 /* Poppins-Light.ttf in Resources */ = {isa = PBXBuildFile; fileRef = E268926F2A604BEF00FD50C2 /* Poppins-Light.ttf */; };
		E28241602A25BA3100360470 /* Coordinator.swift in Sources */ = {isa = PBXBuildFile; fileRef = E282415F2A25BA3100360470 /* Coordinator.swift */; };
		E28241622A25BA5000360470 /* AppCoordinator.swift in Sources */ = {isa = PBXBuildFile; fileRef = E28241612A25BA5000360470 /* AppCoordinator.swift */; };
		E28C6D6C2A0229E9006581DD /* JobProfileTableViewController.swift in Sources */ = {isa = PBXBuildFile; fileRef = E28C6D6B2A0229E9006581DD /* JobProfileTableViewController.swift */; };
		E28C6D6E2A022A87006581DD /* JobProfileData.swift in Sources */ = {isa = PBXBuildFile; fileRef = E28C6D6D2A022A87006581DD /* JobProfileData.swift */; };
		E28C6D702A023237006581DD /* ProfileDetailsCell.swift in Sources */ = {isa = PBXBuildFile; fileRef = E28C6D6F2A023237006581DD /* ProfileDetailsCell.swift */; };
		E28C6D722A027CD4006581DD /* UIScrollView.storyboard in Resources */ = {isa = PBXBuildFile; fileRef = E28C6D712A027CD4006581DD /* UIScrollView.storyboard */; };
		E28CCC972A03B70600EFE901 /* AppConstants.swift in Sources */ = {isa = PBXBuildFile; fileRef = E28CCC962A03B70600EFE901 /* AppConstants.swift */; };
		E29E8D0D2A62AE77001A0F28 /* ParkingLotViewCell.swift in Sources */ = {isa = PBXBuildFile; fileRef = E29E8D0B2A62AE77001A0F28 /* ParkingLotViewCell.swift */; };
		E29E8D0E2A62AE77001A0F28 /* ParkingLotViewCell.xib in Resources */ = {isa = PBXBuildFile; fileRef = E29E8D0C2A62AE77001A0F28 /* ParkingLotViewCell.xib */; };
		E29E8D112A62AEC5001A0F28 /* TimesheetViewCell.swift in Sources */ = {isa = PBXBuildFile; fileRef = E29E8D0F2A62AEC5001A0F28 /* TimesheetViewCell.swift */; };
		E29E8D122A62AEC5001A0F28 /* TimesheetViewCell.xib in Resources */ = {isa = PBXBuildFile; fileRef = E29E8D102A62AEC5001A0F28 /* TimesheetViewCell.xib */; };
		E29E8D142A62AF75001A0F28 /* ParkingBooking.storyboard in Resources */ = {isa = PBXBuildFile; fileRef = E29E8D132A62AF75001A0F28 /* ParkingBooking.storyboard */; };
		E29E8D162A62B035001A0F28 /* ParkingLotViewController.swift in Sources */ = {isa = PBXBuildFile; fileRef = E29E8D152A62B035001A0F28 /* ParkingLotViewController.swift */; };
		E2AD25932A2F3D7E009CAD1C /* Poppins-Medium.ttf in Resources */ = {isa = PBXBuildFile; fileRef = E2AD25812A2F3D7E009CAD1C /* Poppins-Medium.ttf */; };
		E2AD259A2A2F3D7E009CAD1C /* Poppins-Bold.ttf in Resources */ = {isa = PBXBuildFile; fileRef = E2AD25882A2F3D7E009CAD1C /* Poppins-Bold.ttf */; };
		E2AD259D2A2F3D7E009CAD1C /* Poppins-SemiBold.ttf in Resources */ = {isa = PBXBuildFile; fileRef = E2AD258B2A2F3D7E009CAD1C /* Poppins-SemiBold.ttf */; };
		E2B0A5B12A0558AE00DE1D3A /* UIScreen.storyboard in Resources */ = {isa = PBXBuildFile; fileRef = E2B0A5B02A0558AE00DE1D3A /* UIScreen.storyboard */; };
		E2B2F70D2A1DF67D00F5BF8F /* ToolBarViewController.swift in Sources */ = {isa = PBXBuildFile; fileRef = E2B2F70C2A1DF67D00F5BF8F /* ToolBarViewController.swift */; };
		E2B2F70F2A1DF6B700F5BF8F /* PickerViewController.swift in Sources */ = {isa = PBXBuildFile; fileRef = E2B2F70E2A1DF6B700F5BF8F /* PickerViewController.swift */; };
		E2B2F7112A1DF71C00F5BF8F /* MapViewController.swift in Sources */ = {isa = PBXBuildFile; fileRef = E2B2F7102A1DF71C00F5BF8F /* MapViewController.swift */; };
		E2B2F7132A1E016800F5BF8F /* Organization.swift in Sources */ = {isa = PBXBuildFile; fileRef = E2B2F7122A1E016800F5BF8F /* Organization.swift */; };
		E2B2F7152A1E018100F5BF8F /* PlaceInformation.swift in Sources */ = {isa = PBXBuildFile; fileRef = E2B2F7142A1E018100F5BF8F /* PlaceInformation.swift */; };
		E2B38BC72A24DB7C0050E0C5 /* MainViewController.swift in Sources */ = {isa = PBXBuildFile; fileRef = E2B38BC62A24DB7C0050E0C5 /* MainViewController.swift */; };
		E2B38BC92A24DB8D0050E0C5 /* UiViewController.swift in Sources */ = {isa = PBXBuildFile; fileRef = E2B38BC82A24DB8C0050E0C5 /* UiViewController.swift */; };
		E2BF1B7E2A2DFE4F005B4AA0 /* ParkingDetailsViewController.swift in Sources */ = {isa = PBXBuildFile; fileRef = E2BF1B7D2A2DFE4F005B4AA0 /* ParkingDetailsViewController.swift */; };
		E2BF1B852A2E1834005B4AA0 /* AmenitiesCollectionViewCell.swift in Sources */ = {isa = PBXBuildFile; fileRef = E2BF1B832A2E1834005B4AA0 /* AmenitiesCollectionViewCell.swift */; };
		E2BF1B862A2E1834005B4AA0 /* AmenitiesCollectionViewCell.xib in Resources */ = {isa = PBXBuildFile; fileRef = E2BF1B842A2E1834005B4AA0 /* AmenitiesCollectionViewCell.xib */; };
		E2D814A92A66553400C6FC0B /* StartupViewModel.swift in Sources */ = {isa = PBXBuildFile; fileRef = E2D814A82A66553400C6FC0B /* StartupViewModel.swift */; };
		E2DAAFF629FA3436001AE9D0 /* PageControlViewController.swift in Sources */ = {isa = PBXBuildFile; fileRef = E2DAAFF529FA3436001AE9D0 /* PageControlViewController.swift */; };
		E2DAAFF829FA37E6001AE9D0 /* ScrollViewDemoViewController.swift in Sources */ = {isa = PBXBuildFile; fileRef = E2DAAFF729FA37E6001AE9D0 /* ScrollViewDemoViewController.swift */; };
		E2DAAFFA29FA6887001AE9D0 /* StepperDemoViewController.swift in Sources */ = {isa = PBXBuildFile; fileRef = E2DAAFF929FA6887001AE9D0 /* StepperDemoViewController.swift */; };
		E2E044052A2DD96C0062E91F /* ParkingLotBook.storyboard in Resources */ = {isa = PBXBuildFile; fileRef = E2E044042A2DD96C0062E91F /* ParkingLotBook.storyboard */; };
		E2E044082A2DD9C50062E91F /* AssignedParkingViewController.swift in Sources */ = {isa = PBXBuildFile; fileRef = E2E044072A2DD9C50062E91F /* AssignedParkingViewController.swift */; };
		E2E0440A2A2DE0990062E91F /* ParkingDetail.swift in Sources */ = {isa = PBXBuildFile; fileRef = E2E044092A2DE0990062E91F /* ParkingDetail.swift */; };
		E2E0440D2A2DF01E0062E91F /* ParkingDetailTableViewCell.swift in Sources */ = {isa = PBXBuildFile; fileRef = E2E0440B2A2DF01E0062E91F /* ParkingDetailTableViewCell.swift */; };
		E2E0440E2A2DF01E0062E91F /* ParkingDetailTableViewCell.xib in Resources */ = {isa = PBXBuildFile; fileRef = E2E0440C2A2DF01E0062E91F /* ParkingDetailTableViewCell.xib */; };
		E2E6D4CA2A0D0092009BFF19 /* PhPickerDemoViewController.swift in Sources */ = {isa = PBXBuildFile; fileRef = E2E6D4C92A0D0092009BFF19 /* PhPickerDemoViewController.swift */; };
		E2E6D4CC2A0D0E65009BFF19 /* NatureImageCell.swift in Sources */ = {isa = PBXBuildFile; fileRef = E2E6D4CB2A0D0E65009BFF19 /* NatureImageCell.swift */; };
		E2E7A9AB2A65006400C3B154 /* UserProfileViewController.swift in Sources */ = {isa = PBXBuildFile; fileRef = E2E7A9AA2A65006400C3B154 /* UserProfileViewController.swift */; };
		E2E7A9AD2A6500A000C3B154 /* UserProfileViewModel.swift in Sources */ = {isa = PBXBuildFile; fileRef = E2E7A9AC2A6500A000C3B154 /* UserProfileViewModel.swift */; };
		E2E7A9AF2A65010900C3B154 /* UserProfileModel.swift in Sources */ = {isa = PBXBuildFile; fileRef = E2E7A9AE2A65010900C3B154 /* UserProfileModel.swift */; };
		E2E7A9B42A65025700C3B154 /* UserProfileTableViewCell.swift in Sources */ = {isa = PBXBuildFile; fileRef = E2E7A9B22A65025700C3B154 /* UserProfileTableViewCell.swift */; };
		E2E7A9B52A65025700C3B154 /* UserProfileTableViewCell.xib in Resources */ = {isa = PBXBuildFile; fileRef = E2E7A9B32A65025700C3B154 /* UserProfileTableViewCell.xib */; };
		E2E7A9B72A65033800C3B154 /* UserDetailsViewController.swift in Sources */ = {isa = PBXBuildFile; fileRef = E2E7A9B62A65033800C3B154 /* UserDetailsViewController.swift */; };
		E2E7A9B92A650F8100C3B154 /* UploadImageViewController.swift in Sources */ = {isa = PBXBuildFile; fileRef = E2E7A9B82A650F8100C3B154 /* UploadImageViewController.swift */; };
		E2E7A9BB2A650F9D00C3B154 /* UploadImageViewModel.swift in Sources */ = {isa = PBXBuildFile; fileRef = E2E7A9BA2A650F9D00C3B154 /* UploadImageViewModel.swift */; };
		E2E7A9BD2A650FC400C3B154 /* UploadImageResponse.swift in Sources */ = {isa = PBXBuildFile; fileRef = E2E7A9BC2A650FC400C3B154 /* UploadImageResponse.swift */; };
		E2E7A9BF2A651CF800C3B154 /* UploadRequest.swift in Sources */ = {isa = PBXBuildFile; fileRef = E2E7A9BE2A651CF800C3B154 /* UploadRequest.swift */; };
		E2E7A9C12A65230E00C3B154 /* StartupViewController.swift in Sources */ = {isa = PBXBuildFile; fileRef = E2E7A9C02A65230E00C3B154 /* StartupViewController.swift */; };
		E2E7A9C32A65234800C3B154 /* StartupDetailModel.swift in Sources */ = {isa = PBXBuildFile; fileRef = E2E7A9C22A65234800C3B154 /* StartupDetailModel.swift */; };
		E2E7A9C62A6523BC00C3B154 /* StartupTableViewCell.swift in Sources */ = {isa = PBXBuildFile; fileRef = E2E7A9C42A6523BC00C3B154 /* StartupTableViewCell.swift */; };
		E2E7A9C72A6523BC00C3B154 /* StartupTableViewCell.xib in Resources */ = {isa = PBXBuildFile; fileRef = E2E7A9C52A6523BC00C3B154 /* StartupTableViewCell.xib */; };
		E2E7A9C92A65266E00C3B154 /* GovermentApiRequest.swift in Sources */ = {isa = PBXBuildFile; fileRef = E2E7A9C82A65266E00C3B154 /* GovermentApiRequest.swift */; };
		E2EF90C82A2E3A1A00842699 /* UserTableViewCell.swift in Sources */ = {isa = PBXBuildFile; fileRef = E2EF90C62A2E3A1A00842699 /* UserTableViewCell.swift */; };
		E2EF90C92A2E3A1A00842699 /* UserTableViewCell.xib in Resources */ = {isa = PBXBuildFile; fileRef = E2EF90C72A2E3A1A00842699 /* UserTableViewCell.xib */; };
		E2EFBFFD29F8FADB00C1E6D6 /* SwitchDemoViewController.swift in Sources */ = {isa = PBXBuildFile; fileRef = E2EFBFFC29F8FADB00C1E6D6 /* SwitchDemoViewController.swift */; };
		E2EFBFFF29F9178E00C1E6D6 /* SliderDemoViewController.swift in Sources */ = {isa = PBXBuildFile; fileRef = E2EFBFFE29F9178E00C1E6D6 /* SliderDemoViewController.swift */; };
		E2EFC00129F92B3F00C1E6D6 /* ProgressViewController.swift in Sources */ = {isa = PBXBuildFile; fileRef = E2EFC00029F92B3F00C1E6D6 /* ProgressViewController.swift */; };
		E2EFC00329F9478200C1E6D6 /* SegmentedControlViewController.swift in Sources */ = {isa = PBXBuildFile; fileRef = E2EFC00229F9478200C1E6D6 /* SegmentedControlViewController.swift */; };
		E2F768E72A248207008197CC /* AutoLayoutViewController.swift in Sources */ = {isa = PBXBuildFile; fileRef = E2F768E62A248207008197CC /* AutoLayoutViewController.swift */; };
		E2FB20A929FF8532000250C9 /* TableViewdelegatesViewController.swift in Sources */ = {isa = PBXBuildFile; fileRef = E2FB20A829FF8532000250C9 /* TableViewdelegatesViewController.swift */; };
		E2FB20AB29FF8C40000250C9 /* TableViewDelegatesCell.swift in Sources */ = {isa = PBXBuildFile; fileRef = E2FB20AA29FF8C40000250C9 /* TableViewDelegatesCell.swift */; };
		E2FB42E32A289D79001EBA62 /* FirstViewController.swift in Sources */ = {isa = PBXBuildFile; fileRef = E2FB42E22A289D79001EBA62 /* FirstViewController.swift */; };
		E2FB42E52A289D82001EBA62 /* SecondViewController.swift in Sources */ = {isa = PBXBuildFile; fileRef = E2FB42E42A289D82001EBA62 /* SecondViewController.swift */; };
		E2FB42E72A289D8B001EBA62 /* ThirdViewController.swift in Sources */ = {isa = PBXBuildFile; fileRef = E2FB42E62A289D8B001EBA62 /* ThirdViewController.swift */; };
		E2FB42E92A289D92001EBA62 /* FourthViewController.swift in Sources */ = {isa = PBXBuildFile; fileRef = E2FB42E82A289D92001EBA62 /* FourthViewController.swift */; };
		E2FF14042A08BDBA0016DA63 /* CollectionViewDemoViewController.swift in Sources */ = {isa = PBXBuildFile; fileRef = E2FF14032A08BDBA0016DA63 /* CollectionViewDemoViewController.swift */; };
		E2FF14072A08C26C0016DA63 /* GameCharactersCollectionViewCell.swift in Sources */ = {isa = PBXBuildFile; fileRef = E2FF14052A08C26C0016DA63 /* GameCharactersCollectionViewCell.swift */; };
		E2FF14082A08C26C0016DA63 /* GameCharactersCollectionViewCell.xib in Resources */ = {isa = PBXBuildFile; fileRef = E2FF14062A08C26C0016DA63 /* GameCharactersCollectionViewCell.xib */; };
		E2FF140A2A08CA220016DA63 /* Game.swift in Sources */ = {isa = PBXBuildFile; fileRef = E2FF14092A08CA220016DA63 /* Game.swift */; };
/* End PBXBuildFile section */

/* Begin PBXFileReference section */
		12F87255890FB12FC5BB9665 /* Pods-UIComponents.debug.xcconfig */ = {isa = PBXFileReference; includeInIndex = 1; lastKnownFileType = text.xcconfig; name = "Pods-UIComponents.debug.xcconfig"; path = "Target Support Files/Pods-UIComponents/Pods-UIComponents.debug.xcconfig"; sourceTree = "<group>"; };
		716A22452FF548E0812AB4C0 /* Pods_UIComponents.framework */ = {isa = PBXFileReference; explicitFileType = wrapper.framework; includeInIndex = 0; path = Pods_UIComponents.framework; sourceTree = BUILT_PRODUCTS_DIR; };
		E2045C772A22238000798787 /* UiScrollViewController.swift */ = {isa = PBXFileReference; lastKnownFileType = sourcecode.swift; path = UiScrollViewController.swift; sourceTree = "<group>"; };
		E2045C792A2223DD00798787 /* UiControlViewController.swift */ = {isa = PBXFileReference; lastKnownFileType = sourcecode.swift; path = UiControlViewController.swift; sourceTree = "<group>"; };
		E2045C7D2A22240E00798787 /* UiNavigationViewController.swift */ = {isa = PBXFileReference; lastKnownFileType = sourcecode.swift; path = UiNavigationViewController.swift; sourceTree = "<group>"; };
		E2045C7F2A2224CA00798787 /* ViewControllerTableViewCell.swift */ = {isa = PBXFileReference; lastKnownFileType = sourcecode.swift; path = ViewControllerTableViewCell.swift; sourceTree = "<group>"; };
		E2045C802A2224CA00798787 /* ViewControllerTableViewCell.xib */ = {isa = PBXFileReference; lastKnownFileType = file.xib; path = ViewControllerTableViewCell.xib; sourceTree = "<group>"; };
		E2045C832A2230DA00798787 /* StackViewController.swift */ = {isa = PBXFileReference; lastKnownFileType = sourcecode.swift; path = StackViewController.swift; sourceTree = "<group>"; };
		E2045C852A22310A00798787 /* TabBarViewController.swift */ = {isa = PBXFileReference; lastKnownFileType = sourcecode.swift; path = TabBarViewController.swift; sourceTree = "<group>"; };
		E2056E132A62BD1200511A4A /* WebService.storyboard */ = {isa = PBXFileReference; lastKnownFileType = file.storyboard; path = WebService.storyboard; sourceTree = "<group>"; };
		E2056E162A62BE2500511A4A /* EmployeeViewController.swift */ = {isa = PBXFileReference; lastKnownFileType = sourcecode.swift; path = EmployeeViewController.swift; sourceTree = "<group>"; };
		E2056E1B2A62BF2B00511A4A /* EmployeeViewModel.swift */ = {isa = PBXFileReference; lastKnownFileType = sourcecode.swift; path = EmployeeViewModel.swift; sourceTree = "<group>"; };
		E2056E1D2A62BF8000511A4A /* DynamicClass.swift */ = {isa = PBXFileReference; lastKnownFileType = sourcecode.swift; path = DynamicClass.swift; sourceTree = "<group>"; };
		E2056E1F2A62BFC100511A4A /* UiViewExtension.swift */ = {isa = PBXFileReference; lastKnownFileType = sourcecode.swift; path = UiViewExtension.swift; sourceTree = "<group>"; };
		E2056E212A62C0EA00511A4A /* EmployeeModel.swift */ = {isa = PBXFileReference; lastKnownFileType = sourcecode.swift; path = EmployeeModel.swift; sourceTree = "<group>"; };
		E2056E232A62C16B00511A4A /* ApiManager.swift */ = {isa = PBXFileReference; lastKnownFileType = sourcecode.swift; path = ApiManager.swift; sourceTree = "<group>"; };
		E210200029F645F100484731 /* UIComponents.app */ = {isa = PBXFileReference; explicitFileType = wrapper.application; includeInIndex = 0; path = UIComponents.app; sourceTree = BUILT_PRODUCTS_DIR; };
		E210200329F645F100484731 /* AppDelegate.swift */ = {isa = PBXFileReference; lastKnownFileType = sourcecode.swift; path = AppDelegate.swift; sourceTree = "<group>"; };
		E210200529F645F100484731 /* SceneDelegate.swift */ = {isa = PBXFileReference; lastKnownFileType = sourcecode.swift; path = SceneDelegate.swift; sourceTree = "<group>"; };
		E210200729F645F100484731 /* LabelDemoViewController.swift */ = {isa = PBXFileReference; lastKnownFileType = sourcecode.swift; path = LabelDemoViewController.swift; sourceTree = "<group>"; };
		E210200A29F645F100484731 /* Base */ = {isa = PBXFileReference; lastKnownFileType = file.storyboard; name = Base; path = Base.lproj/Main.storyboard; sourceTree = "<group>"; };
		E210200C29F645F200484731 /* Assets.xcassets */ = {isa = PBXFileReference; lastKnownFileType = folder.assetcatalog; path = Assets.xcassets; sourceTree = "<group>"; };
		E210200F29F645F200484731 /* Base */ = {isa = PBXFileReference; lastKnownFileType = file.storyboard; name = Base; path = Base.lproj/LaunchScreen.storyboard; sourceTree = "<group>"; };
		E210201129F645F200484731 /* Info.plist */ = {isa = PBXFileReference; lastKnownFileType = text.plist.xml; path = Info.plist; sourceTree = "<group>"; };
		E210201729F679E000484731 /* ButtonDemoViewController.swift */ = {isa = PBXFileReference; lastKnownFileType = sourcecode.swift; path = ButtonDemoViewController.swift; sourceTree = "<group>"; };
		E213E4BD2A00E5F7002DB1F5 /* Ecommerce.swift */ = {isa = PBXFileReference; lastKnownFileType = sourcecode.swift; path = Ecommerce.swift; sourceTree = "<group>"; };
		E218F8D02A134DAC00D890CB /* Enumeration.swift */ = {isa = PBXFileReference; lastKnownFileType = sourcecode.swift; path = Enumeration.swift; sourceTree = "<group>"; };
		E2307D962A0100B400879DB4 /* CartTableViewController.swift */ = {isa = PBXFileReference; lastKnownFileType = sourcecode.swift; path = CartTableViewController.swift; sourceTree = "<group>"; };
		E2307D982A01013B00879DB4 /* CartItemCell.swift */ = {isa = PBXFileReference; lastKnownFileType = sourcecode.swift; path = CartItemCell.swift; sourceTree = "<group>"; };
		E2347DD82A67A89D00128F0D /* LoginViewController.swift */ = {isa = PBXFileReference; lastKnownFileType = sourcecode.swift; path = LoginViewController.swift; sourceTree = "<group>"; };
		E2347DDA2A67A8BC00128F0D /* SignUpViewController.swift */ = {isa = PBXFileReference; lastKnownFileType = sourcecode.swift; path = SignUpViewController.swift; sourceTree = "<group>"; };
		E2347DDD2A67A8F300128F0D /* LoginSignupModel.swift */ = {isa = PBXFileReference; lastKnownFileType = sourcecode.swift; path = LoginSignupModel.swift; sourceTree = "<group>"; };
		E2347DE02A67A93000128F0D /* SignUpViewModel.swift */ = {isa = PBXFileReference; lastKnownFileType = sourcecode.swift; path = SignUpViewModel.swift; sourceTree = "<group>"; };
		E2347DE22A67A94600128F0D /* LoginViewModel.swift */ = {isa = PBXFileReference; lastKnownFileType = sourcecode.swift; path = LoginViewModel.swift; sourceTree = "<group>"; };
		E23BAEF72A04B39C00803E20 /* UIControl.storyboard */ = {isa = PBXFileReference; lastKnownFileType = file.storyboard; path = UIControl.storyboard; sourceTree = "<group>"; };
		E24263E62A21FDB800D0207F /* ControllerIdentifiers.swift */ = {isa = PBXFileReference; lastKnownFileType = sourcecode.swift; path = ControllerIdentifiers.swift; sourceTree = "<group>"; };
		E2431AAB2A0A48B600DEE5A2 /* UIImages.swift */ = {isa = PBXFileReference; lastKnownFileType = sourcecode.swift; path = UIImages.swift; sourceTree = "<group>"; };
		E243F22C2A627FB200C55446 /* ParkingLotModel.swift */ = {isa = PBXFileReference; lastKnownFileType = sourcecode.swift; path = ParkingLotModel.swift; sourceTree = "<group>"; };
		E24FD86D2A0BC651002A73D6 /* UiSearchBarViewController.swift */ = {isa = PBXFileReference; lastKnownFileType = sourcecode.swift; path = UiSearchBarViewController.swift; sourceTree = "<group>"; };
		E2512CB329FBA82D00063AAE /* TableViewDemoViewController.swift */ = {isa = PBXFileReference; lastKnownFileType = sourcecode.swift; path = TableViewDemoViewController.swift; sourceTree = "<group>"; };
		E2512CB729FBE04700063AAE /* TableViewCellWithXIB.swift */ = {isa = PBXFileReference; lastKnownFileType = sourcecode.swift; path = TableViewCellWithXIB.swift; sourceTree = "<group>"; };
		E2512CB829FBE04700063AAE /* TableViewCellWithXIB.xib */ = {isa = PBXFileReference; lastKnownFileType = file.xib; path = TableViewCellWithXIB.xib; sourceTree = "<group>"; };
		E25C86BA29F7B7CA00073BED /* TextFieldDemoViewController.swift */ = {isa = PBXFileReference; lastKnownFileType = sourcecode.swift; path = TextFieldDemoViewController.swift; sourceTree = "<group>"; };
		E25C86BC29F7F9FA00073BED /* TextViewDemoViewController.swift */ = {isa = PBXFileReference; lastKnownFileType = sourcecode.swift; path = TextViewDemoViewController.swift; sourceTree = "<group>"; };
		E25CAB352A62C5DF00E4ED04 /* ApiRequest.swift */ = {isa = PBXFileReference; lastKnownFileType = sourcecode.swift; path = ApiRequest.swift; sourceTree = "<group>"; };
		E25CAB382A62C6CC00E4ED04 /* WebServiceViewController.swift */ = {isa = PBXFileReference; lastKnownFileType = sourcecode.swift; path = WebServiceViewController.swift; sourceTree = "<group>"; };
		E25D27472A0A0C08004A141F /* GameCharacterCollectionHeader.swift */ = {isa = PBXFileReference; lastKnownFileType = sourcecode.swift; path = GameCharacterCollectionHeader.swift; sourceTree = "<group>"; };
		E25D27482A0A0C08004A141F /* GameCharacterCollectionHeader.xib */ = {isa = PBXFileReference; lastKnownFileType = file.xib; path = GameCharacterCollectionHeader.xib; sourceTree = "<group>"; };
		E2664DCA2A0BD26700DAF867 /* Country.swift */ = {isa = PBXFileReference; lastKnownFileType = sourcecode.swift; path = Country.swift; sourceTree = "<group>"; };
		E266AEA22A0A4F0D00567C7E /* UINavigationController.storyboard */ = {isa = PBXFileReference; lastKnownFileType = file.storyboard; path = UINavigationController.storyboard; sourceTree = "<group>"; };
		E266AEA42A0A52DE00567C7E /* ImagePickerDemoViewController.swift */ = {isa = PBXFileReference; lastKnownFileType = sourcecode.swift; path = ImagePickerDemoViewController.swift; sourceTree = "<group>"; };
		E266AEA62A0A7A7C00567C7E /* ActivityIndicatorAndWebViewController.swift */ = {isa = PBXFileReference; lastKnownFileType = sourcecode.swift; path = ActivityIndicatorAndWebViewController.swift; sourceTree = "<group>"; };
		E268926F2A604BEF00FD50C2 /* Poppins-Light.ttf */ = {isa = PBXFileReference; lastKnownFileType = file; path = "Poppins-Light.ttf"; sourceTree = "<group>"; };
		E282415F2A25BA3100360470 /* Coordinator.swift */ = {isa = PBXFileReference; lastKnownFileType = sourcecode.swift; path = Coordinator.swift; sourceTree = "<group>"; };
		E28241612A25BA5000360470 /* AppCoordinator.swift */ = {isa = PBXFileReference; lastKnownFileType = sourcecode.swift; path = AppCoordinator.swift; sourceTree = "<group>"; };
		E28C6D6B2A0229E9006581DD /* JobProfileTableViewController.swift */ = {isa = PBXFileReference; lastKnownFileType = sourcecode.swift; path = JobProfileTableViewController.swift; sourceTree = "<group>"; };
		E28C6D6D2A022A87006581DD /* JobProfileData.swift */ = {isa = PBXFileReference; lastKnownFileType = sourcecode.swift; path = JobProfileData.swift; sourceTree = "<group>"; };
		E28C6D6F2A023237006581DD /* ProfileDetailsCell.swift */ = {isa = PBXFileReference; lastKnownFileType = sourcecode.swift; path = ProfileDetailsCell.swift; sourceTree = "<group>"; };
		E28C6D712A027CD4006581DD /* UIScrollView.storyboard */ = {isa = PBXFileReference; lastKnownFileType = file.storyboard; path = UIScrollView.storyboard; sourceTree = "<group>"; };
		E28CCC962A03B70600EFE901 /* AppConstants.swift */ = {isa = PBXFileReference; lastKnownFileType = sourcecode.swift; path = AppConstants.swift; sourceTree = "<group>"; };
		E29E8D0B2A62AE77001A0F28 /* ParkingLotViewCell.swift */ = {isa = PBXFileReference; lastKnownFileType = sourcecode.swift; path = ParkingLotViewCell.swift; sourceTree = "<group>"; };
		E29E8D0C2A62AE77001A0F28 /* ParkingLotViewCell.xib */ = {isa = PBXFileReference; lastKnownFileType = file.xib; path = ParkingLotViewCell.xib; sourceTree = "<group>"; };
		E29E8D0F2A62AEC5001A0F28 /* TimesheetViewCell.swift */ = {isa = PBXFileReference; lastKnownFileType = sourcecode.swift; path = TimesheetViewCell.swift; sourceTree = "<group>"; };
		E29E8D102A62AEC5001A0F28 /* TimesheetViewCell.xib */ = {isa = PBXFileReference; lastKnownFileType = file.xib; path = TimesheetViewCell.xib; sourceTree = "<group>"; };
		E29E8D132A62AF75001A0F28 /* ParkingBooking.storyboard */ = {isa = PBXFileReference; lastKnownFileType = file.storyboard; path = ParkingBooking.storyboard; sourceTree = "<group>"; };
		E29E8D152A62B035001A0F28 /* ParkingLotViewController.swift */ = {isa = PBXFileReference; lastKnownFileType = sourcecode.swift; path = ParkingLotViewController.swift; sourceTree = "<group>"; };
		E2AD25812A2F3D7E009CAD1C /* Poppins-Medium.ttf */ = {isa = PBXFileReference; lastKnownFileType = file; path = "Poppins-Medium.ttf"; sourceTree = "<group>"; };
		E2AD25882A2F3D7E009CAD1C /* Poppins-Bold.ttf */ = {isa = PBXFileReference; lastKnownFileType = file; path = "Poppins-Bold.ttf"; sourceTree = "<group>"; };
		E2AD258B2A2F3D7E009CAD1C /* Poppins-SemiBold.ttf */ = {isa = PBXFileReference; lastKnownFileType = file; path = "Poppins-SemiBold.ttf"; sourceTree = "<group>"; };
		E2B0A5B02A0558AE00DE1D3A /* UIScreen.storyboard */ = {isa = PBXFileReference; lastKnownFileType = file.storyboard; path = UIScreen.storyboard; sourceTree = "<group>"; };
		E2B2F70C2A1DF67D00F5BF8F /* ToolBarViewController.swift */ = {isa = PBXFileReference; lastKnownFileType = sourcecode.swift; path = ToolBarViewController.swift; sourceTree = "<group>"; };
		E2B2F70E2A1DF6B700F5BF8F /* PickerViewController.swift */ = {isa = PBXFileReference; lastKnownFileType = sourcecode.swift; path = PickerViewController.swift; sourceTree = "<group>"; };
		E2B2F7102A1DF71C00F5BF8F /* MapViewController.swift */ = {isa = PBXFileReference; lastKnownFileType = sourcecode.swift; path = MapViewController.swift; sourceTree = "<group>"; };
		E2B2F7122A1E016800F5BF8F /* Organization.swift */ = {isa = PBXFileReference; lastKnownFileType = sourcecode.swift; path = Organization.swift; sourceTree = "<group>"; };
		E2B2F7142A1E018100F5BF8F /* PlaceInformation.swift */ = {isa = PBXFileReference; lastKnownFileType = sourcecode.swift; path = PlaceInformation.swift; sourceTree = "<group>"; };
		E2B38BC62A24DB7C0050E0C5 /* MainViewController.swift */ = {isa = PBXFileReference; lastKnownFileType = sourcecode.swift; path = MainViewController.swift; sourceTree = "<group>"; };
		E2B38BC82A24DB8C0050E0C5 /* UiViewController.swift */ = {isa = PBXFileReference; lastKnownFileType = sourcecode.swift; path = UiViewController.swift; sourceTree = "<group>"; };
		E2BF1B7D2A2DFE4F005B4AA0 /* ParkingDetailsViewController.swift */ = {isa = PBXFileReference; lastKnownFileType = sourcecode.swift; path = ParkingDetailsViewController.swift; sourceTree = "<group>"; };
		E2BF1B832A2E1834005B4AA0 /* AmenitiesCollectionViewCell.swift */ = {isa = PBXFileReference; lastKnownFileType = sourcecode.swift; path = AmenitiesCollectionViewCell.swift; sourceTree = "<group>"; };
		E2BF1B842A2E1834005B4AA0 /* AmenitiesCollectionViewCell.xib */ = {isa = PBXFileReference; lastKnownFileType = file.xib; path = AmenitiesCollectionViewCell.xib; sourceTree = "<group>"; };
		E2D814A82A66553400C6FC0B /* StartupViewModel.swift */ = {isa = PBXFileReference; lastKnownFileType = sourcecode.swift; path = StartupViewModel.swift; sourceTree = "<group>"; };
		E2DAAFF529FA3436001AE9D0 /* PageControlViewController.swift */ = {isa = PBXFileReference; lastKnownFileType = sourcecode.swift; path = PageControlViewController.swift; sourceTree = "<group>"; };
		E2DAAFF729FA37E6001AE9D0 /* ScrollViewDemoViewController.swift */ = {isa = PBXFileReference; lastKnownFileType = sourcecode.swift; path = ScrollViewDemoViewController.swift; sourceTree = "<group>"; };
		E2DAAFF929FA6887001AE9D0 /* StepperDemoViewController.swift */ = {isa = PBXFileReference; lastKnownFileType = sourcecode.swift; path = StepperDemoViewController.swift; sourceTree = "<group>"; };
		E2E044042A2DD96C0062E91F /* ParkingLotBook.storyboard */ = {isa = PBXFileReference; lastKnownFileType = file.storyboard; path = ParkingLotBook.storyboard; sourceTree = "<group>"; };
		E2E044072A2DD9C50062E91F /* AssignedParkingViewController.swift */ = {isa = PBXFileReference; lastKnownFileType = sourcecode.swift; path = AssignedParkingViewController.swift; sourceTree = "<group>"; };
		E2E044092A2DE0990062E91F /* ParkingDetail.swift */ = {isa = PBXFileReference; lastKnownFileType = sourcecode.swift; path = ParkingDetail.swift; sourceTree = "<group>"; };
		E2E0440B2A2DF01E0062E91F /* ParkingDetailTableViewCell.swift */ = {isa = PBXFileReference; lastKnownFileType = sourcecode.swift; path = ParkingDetailTableViewCell.swift; sourceTree = "<group>"; };
		E2E0440C2A2DF01E0062E91F /* ParkingDetailTableViewCell.xib */ = {isa = PBXFileReference; lastKnownFileType = file.xib; path = ParkingDetailTableViewCell.xib; sourceTree = "<group>"; };
		E2E6D4C92A0D0092009BFF19 /* PhPickerDemoViewController.swift */ = {isa = PBXFileReference; lastKnownFileType = sourcecode.swift; path = PhPickerDemoViewController.swift; sourceTree = "<group>"; };
		E2E6D4CB2A0D0E65009BFF19 /* NatureImageCell.swift */ = {isa = PBXFileReference; lastKnownFileType = sourcecode.swift; path = NatureImageCell.swift; sourceTree = "<group>"; };
		E2E7A9AA2A65006400C3B154 /* UserProfileViewController.swift */ = {isa = PBXFileReference; lastKnownFileType = sourcecode.swift; path = UserProfileViewController.swift; sourceTree = "<group>"; };
		E2E7A9AC2A6500A000C3B154 /* UserProfileViewModel.swift */ = {isa = PBXFileReference; lastKnownFileType = sourcecode.swift; path = UserProfileViewModel.swift; sourceTree = "<group>"; };
		E2E7A9AE2A65010900C3B154 /* UserProfileModel.swift */ = {isa = PBXFileReference; lastKnownFileType = sourcecode.swift; path = UserProfileModel.swift; sourceTree = "<group>"; };
		E2E7A9B22A65025700C3B154 /* UserProfileTableViewCell.swift */ = {isa = PBXFileReference; lastKnownFileType = sourcecode.swift; path = UserProfileTableViewCell.swift; sourceTree = "<group>"; };
		E2E7A9B32A65025700C3B154 /* UserProfileTableViewCell.xib */ = {isa = PBXFileReference; lastKnownFileType = file.xib; path = UserProfileTableViewCell.xib; sourceTree = "<group>"; };
		E2E7A9B62A65033800C3B154 /* UserDetailsViewController.swift */ = {isa = PBXFileReference; lastKnownFileType = sourcecode.swift; path = UserDetailsViewController.swift; sourceTree = "<group>"; };
		E2E7A9B82A650F8100C3B154 /* UploadImageViewController.swift */ = {isa = PBXFileReference; lastKnownFileType = sourcecode.swift; path = UploadImageViewController.swift; sourceTree = "<group>"; };
		E2E7A9BA2A650F9D00C3B154 /* UploadImageViewModel.swift */ = {isa = PBXFileReference; lastKnownFileType = sourcecode.swift; path = UploadImageViewModel.swift; sourceTree = "<group>"; };
		E2E7A9BC2A650FC400C3B154 /* UploadImageResponse.swift */ = {isa = PBXFileReference; lastKnownFileType = sourcecode.swift; path = UploadImageResponse.swift; sourceTree = "<group>"; };
		E2E7A9BE2A651CF800C3B154 /* UploadRequest.swift */ = {isa = PBXFileReference; lastKnownFileType = sourcecode.swift; path = UploadRequest.swift; sourceTree = "<group>"; };
		E2E7A9C02A65230E00C3B154 /* StartupViewController.swift */ = {isa = PBXFileReference; lastKnownFileType = sourcecode.swift; path = StartupViewController.swift; sourceTree = "<group>"; };
		E2E7A9C22A65234800C3B154 /* StartupDetailModel.swift */ = {isa = PBXFileReference; lastKnownFileType = sourcecode.swift; path = StartupDetailModel.swift; sourceTree = "<group>"; };
		E2E7A9C42A6523BC00C3B154 /* StartupTableViewCell.swift */ = {isa = PBXFileReference; lastKnownFileType = sourcecode.swift; path = StartupTableViewCell.swift; sourceTree = "<group>"; };
		E2E7A9C52A6523BC00C3B154 /* StartupTableViewCell.xib */ = {isa = PBXFileReference; lastKnownFileType = file.xib; path = StartupTableViewCell.xib; sourceTree = "<group>"; };
		E2E7A9C82A65266E00C3B154 /* GovermentApiRequest.swift */ = {isa = PBXFileReference; lastKnownFileType = sourcecode.swift; path = GovermentApiRequest.swift; sourceTree = "<group>"; };
		E2EF90C62A2E3A1A00842699 /* UserTableViewCell.swift */ = {isa = PBXFileReference; lastKnownFileType = sourcecode.swift; path = UserTableViewCell.swift; sourceTree = "<group>"; };
		E2EF90C72A2E3A1A00842699 /* UserTableViewCell.xib */ = {isa = PBXFileReference; lastKnownFileType = file.xib; path = UserTableViewCell.xib; sourceTree = "<group>"; };
		E2EFBFFC29F8FADB00C1E6D6 /* SwitchDemoViewController.swift */ = {isa = PBXFileReference; lastKnownFileType = sourcecode.swift; path = SwitchDemoViewController.swift; sourceTree = "<group>"; };
		E2EFBFFE29F9178E00C1E6D6 /* SliderDemoViewController.swift */ = {isa = PBXFileReference; lastKnownFileType = sourcecode.swift; path = SliderDemoViewController.swift; sourceTree = "<group>"; };
		E2EFC00029F92B3F00C1E6D6 /* ProgressViewController.swift */ = {isa = PBXFileReference; lastKnownFileType = sourcecode.swift; path = ProgressViewController.swift; sourceTree = "<group>"; };
		E2EFC00229F9478200C1E6D6 /* SegmentedControlViewController.swift */ = {isa = PBXFileReference; lastKnownFileType = sourcecode.swift; path = SegmentedControlViewController.swift; sourceTree = "<group>"; };
		E2F768E62A248207008197CC /* AutoLayoutViewController.swift */ = {isa = PBXFileReference; lastKnownFileType = sourcecode.swift; path = AutoLayoutViewController.swift; sourceTree = "<group>"; };
		E2FB20A829FF8532000250C9 /* TableViewdelegatesViewController.swift */ = {isa = PBXFileReference; lastKnownFileType = sourcecode.swift; path = TableViewdelegatesViewController.swift; sourceTree = "<group>"; };
		E2FB20AA29FF8C40000250C9 /* TableViewDelegatesCell.swift */ = {isa = PBXFileReference; lastKnownFileType = sourcecode.swift; path = TableViewDelegatesCell.swift; sourceTree = "<group>"; };
		E2FB42E22A289D79001EBA62 /* FirstViewController.swift */ = {isa = PBXFileReference; lastKnownFileType = sourcecode.swift; path = FirstViewController.swift; sourceTree = "<group>"; };
		E2FB42E42A289D82001EBA62 /* SecondViewController.swift */ = {isa = PBXFileReference; lastKnownFileType = sourcecode.swift; path = SecondViewController.swift; sourceTree = "<group>"; };
		E2FB42E62A289D8B001EBA62 /* ThirdViewController.swift */ = {isa = PBXFileReference; lastKnownFileType = sourcecode.swift; path = ThirdViewController.swift; sourceTree = "<group>"; };
		E2FB42E82A289D92001EBA62 /* FourthViewController.swift */ = {isa = PBXFileReference; lastKnownFileType = sourcecode.swift; path = FourthViewController.swift; sourceTree = "<group>"; };
		E2FF14032A08BDBA0016DA63 /* CollectionViewDemoViewController.swift */ = {isa = PBXFileReference; lastKnownFileType = sourcecode.swift; path = CollectionViewDemoViewController.swift; sourceTree = "<group>"; };
		E2FF14052A08C26C0016DA63 /* GameCharactersCollectionViewCell.swift */ = {isa = PBXFileReference; lastKnownFileType = sourcecode.swift; path = GameCharactersCollectionViewCell.swift; sourceTree = "<group>"; };
		E2FF14062A08C26C0016DA63 /* GameCharactersCollectionViewCell.xib */ = {isa = PBXFileReference; lastKnownFileType = file.xib; path = GameCharactersCollectionViewCell.xib; sourceTree = "<group>"; };
		E2FF14092A08CA220016DA63 /* Game.swift */ = {isa = PBXFileReference; lastKnownFileType = sourcecode.swift; path = Game.swift; sourceTree = "<group>"; };
		FE2BD00151F55555CC74A283 /* Pods-UIComponents.release.xcconfig */ = {isa = PBXFileReference; includeInIndex = 1; lastKnownFileType = text.xcconfig; name = "Pods-UIComponents.release.xcconfig"; path = "Target Support Files/Pods-UIComponents/Pods-UIComponents.release.xcconfig"; sourceTree = "<group>"; };
/* End PBXFileReference section */

/* Begin PBXFrameworksBuildPhase section */
		E2101FFD29F645F100484731 /* Frameworks */ = {
			isa = PBXFrameworksBuildPhase;
			buildActionMask = 2147483647;
			files = (
				AE56A2CA029312BEF5A70144 /* Pods_UIComponents.framework in Frameworks */,
			);
			runOnlyForDeploymentPostprocessing = 0;
		};
/* End PBXFrameworksBuildPhase section */

/* Begin PBXGroup section */
		01C816AA4E42C34BB3937D26 /* Pods */ = {
			isa = PBXGroup;
			children = (
				12F87255890FB12FC5BB9665 /* Pods-UIComponents.debug.xcconfig */,
				FE2BD00151F55555CC74A283 /* Pods-UIComponents.release.xcconfig */,
			);
			path = Pods;
			sourceTree = "<group>";
		};
		AE1BFA7BE185B4D0C58D9C5B /* Frameworks */ = {
			isa = PBXGroup;
			children = (
				716A22452FF548E0812AB4C0 /* Pods_UIComponents.framework */,
			);
			name = Frameworks;
			sourceTree = "<group>";
		};
		E2045C732A221E4900798787 /* View */ = {
			isa = PBXGroup;
			children = (
				E2056E102A62BCAF00511A4A /* WebService */,
				E29E8D0A2A62AE5A001A0F28 /* ParkingAccess */,
				E210200929F645F100484731 /* Main.storyboard */,
				E2512CB829FBE04700063AAE /* TableViewCellWithXIB.xib */,
				E210200E29F645F200484731 /* LaunchScreen.storyboard */,
				E28C6D712A027CD4006581DD /* UIScrollView.storyboard */,
				E23BAEF72A04B39C00803E20 /* UIControl.storyboard */,
				E2B0A5B02A0558AE00DE1D3A /* UIScreen.storyboard */,
				E266AEA22A0A4F0D00567C7E /* UINavigationController.storyboard */,
				E2E044062A2DD9700062E91F /* ParkingBooking */,
			);
			path = View;
			sourceTree = "<group>";
		};
		E2045C742A221E9E00798787 /* Resources */ = {
			isa = PBXGroup;
			children = (
				E2AD257B2A2F3D7E009CAD1C /* Poppins */,
				E210200C29F645F200484731 /* Assets.xcassets */,
			);
			path = Resources;
			sourceTree = "<group>";
		};
		E2045C752A221F8500798787 /* TableView */ = {
			isa = PBXGroup;
			children = (
				E2FB20A829FF8532000250C9 /* TableViewdelegatesViewController.swift */,
				E2FB20AA29FF8C40000250C9 /* TableViewDelegatesCell.swift */,
				E2512CB329FBA82D00063AAE /* TableViewDemoViewController.swift */,
				E2512CB729FBE04700063AAE /* TableViewCellWithXIB.swift */,
				E2307D962A0100B400879DB4 /* CartTableViewController.swift */,
				E2307D982A01013B00879DB4 /* CartItemCell.swift */,
				E28C6D6B2A0229E9006581DD /* JobProfileTableViewController.swift */,
				E28C6D6F2A023237006581DD /* ProfileDetailsCell.swift */,
			);
			path = TableView;
			sourceTree = "<group>";
		};
		E2045C762A221FD500798787 /* CollectionView */ = {
			isa = PBXGroup;
			children = (
				E2FF14032A08BDBA0016DA63 /* CollectionViewDemoViewController.swift */,
				E2FF14052A08C26C0016DA63 /* GameCharactersCollectionViewCell.swift */,
				E2FF14062A08C26C0016DA63 /* GameCharactersCollectionViewCell.xib */,
				E25D27472A0A0C08004A141F /* GameCharacterCollectionHeader.swift */,
				E25D27482A0A0C08004A141F /* GameCharacterCollectionHeader.xib */,
				E2E6D4CB2A0D0E65009BFF19 /* NatureImageCell.swift */,
			);
			path = CollectionView;
			sourceTree = "<group>";
		};
		E2056E102A62BCAF00511A4A /* WebService */ = {
			isa = PBXGroup;
			children = (
				E2056E132A62BD1200511A4A /* WebService.storyboard */,
				E2E7A9B32A65025700C3B154 /* UserProfileTableViewCell.xib */,
				E2E7A9C52A6523BC00C3B154 /* StartupTableViewCell.xib */,
			);
			path = WebService;
			sourceTree = "<group>";
		};
		E2056E152A62BE0800511A4A /* WebService */ = {
			isa = PBXGroup;
			children = (
				E2E7A9B22A65025700C3B154 /* UserProfileTableViewCell.swift */,
				E2E7A9C42A6523BC00C3B154 /* StartupTableViewCell.swift */,
				E2056E162A62BE2500511A4A /* EmployeeViewController.swift */,
				E25CAB382A62C6CC00E4ED04 /* WebServiceViewController.swift */,
				E2E7A9AA2A65006400C3B154 /* UserProfileViewController.swift */,
				E2E7A9B62A65033800C3B154 /* UserDetailsViewController.swift */,
				E2E7A9B82A650F8100C3B154 /* UploadImageViewController.swift */,
				E2E7A9C02A65230E00C3B154 /* StartupViewController.swift */,
			);
			path = WebService;
			sourceTree = "<group>";
		};
		E2101FF729F645F100484731 = {
			isa = PBXGroup;
			children = (
				E210200229F645F100484731 /* UIComponents */,
				E210200129F645F100484731 /* Products */,
				01C816AA4E42C34BB3937D26 /* Pods */,
				AE1BFA7BE185B4D0C58D9C5B /* Frameworks */,
			);
			sourceTree = "<group>";
		};
		E210200129F645F100484731 /* Products */ = {
			isa = PBXGroup;
			children = (
				E210200029F645F100484731 /* UIComponents.app */,
			);
			name = Products;
			sourceTree = "<group>";
		};
		E210200229F645F100484731 /* UIComponents */ = {
			isa = PBXGroup;
			children = (
				E25CAB372A62C62800E4ED04 /* ViewModel */,
				E210201129F645F200484731 /* Info.plist */,
				E282416C2A25FB4B00360470 /* Delegate */,
				E213E4BA2A00E284002DB1F5 /* Controller */,
				E213E4BF2A00E5FD002DB1F5 /* Model */,
				E213E4C22A00F211002DB1F5 /* HelperClass */,
				E2045C732A221E4900798787 /* View */,
				E2045C742A221E9E00798787 /* Resources */,
				E28241692A25D71A00360470 /* ViewCoordinator */,
			);
			path = UIComponents;
			sourceTree = "<group>";
		};
		E213E4BA2A00E284002DB1F5 /* Controller */ = {
			isa = PBXGroup;
			children = (
				E2056E152A62BE0800511A4A /* WebService */,
				E29E8D172A62B0B9001A0F28 /* ParkingAccess */,
				E248FFAF2A46EEB400FA29FF /* ParkingBooking */,
				E282416B2A25FACC00360470 /* TableViewCommonCells */,
				E28241682A25D6CB00360470 /* UiScreen */,
				E28241632A25D45E00360470 /* UiView */,
				E28241642A25D52A00360470 /* UiControl */,
				E28241652A25D57A00360470 /* UiScrollView */,
				E28241662A25D66500360470 /* UINavigationController */,
			);
			path = Controller;
			sourceTree = "<group>";
		};
		E213E4BF2A00E5FD002DB1F5 /* Model */ = {
			isa = PBXGroup;
			children = (
				E243F22C2A627FB200C55446 /* ParkingLotModel.swift */,
				E213E4BD2A00E5F7002DB1F5 /* Ecommerce.swift */,
				E28C6D6D2A022A87006581DD /* JobProfileData.swift */,
				E2FF14092A08CA220016DA63 /* Game.swift */,
				E2664DCA2A0BD26700DAF867 /* Country.swift */,
				E2B2F7122A1E016800F5BF8F /* Organization.swift */,
				E2B2F7142A1E018100F5BF8F /* PlaceInformation.swift */,
				E24263E62A21FDB800D0207F /* ControllerIdentifiers.swift */,
				E2E044092A2DE0990062E91F /* ParkingDetail.swift */,
				E2056E212A62C0EA00511A4A /* EmployeeModel.swift */,
				E2E7A9AE2A65010900C3B154 /* UserProfileModel.swift */,
				E2E7A9BC2A650FC400C3B154 /* UploadImageResponse.swift */,
				E2E7A9C22A65234800C3B154 /* StartupDetailModel.swift */,
			);
			path = Model;
			sourceTree = "<group>";
		};
		E213E4C22A00F211002DB1F5 /* HelperClass */ = {
			isa = PBXGroup;
			children = (
				E28CCC962A03B70600EFE901 /* AppConstants.swift */,
				E2431AAB2A0A48B600DEE5A2 /* UIImages.swift */,
				E218F8D02A134DAC00D890CB /* Enumeration.swift */,
				E2056E1D2A62BF8000511A4A /* DynamicClass.swift */,
				E2056E1F2A62BFC100511A4A /* UiViewExtension.swift */,
				E2056E232A62C16B00511A4A /* ApiManager.swift */,
				E25CAB352A62C5DF00E4ED04 /* ApiRequest.swift */,
				E2E7A9BE2A651CF800C3B154 /* UploadRequest.swift */,
				E2E7A9C82A65266E00C3B154 /* GovermentApiRequest.swift */,
			);
			path = HelperClass;
			sourceTree = "<group>";
		};
		E2347DDC2A67A8CC00128F0D /* Model */ = {
			isa = PBXGroup;
			children = (
				E2347DDD2A67A8F300128F0D /* LoginSignupModel.swift */,
			);
			path = Model;
			sourceTree = "<group>";
		};
		E2347DDF2A67A90C00128F0D /* ViewModel */ = {
			isa = PBXGroup;
			children = (
				E2347DE02A67A93000128F0D /* SignUpViewModel.swift */,
				E2347DE22A67A94600128F0D /* LoginViewModel.swift */,
			);
			path = ViewModel;
			sourceTree = "<group>";
		};
		E248FFAF2A46EEB400FA29FF /* ParkingBooking */ = {
			isa = PBXGroup;
			children = (
				E2E044072A2DD9C50062E91F /* AssignedParkingViewController.swift */,
				E2E0440B2A2DF01E0062E91F /* ParkingDetailTableViewCell.swift */,
				E2BF1B7D2A2DFE4F005B4AA0 /* ParkingDetailsViewController.swift */,
				E2BF1B832A2E1834005B4AA0 /* AmenitiesCollectionViewCell.swift */,
				E2EF90C62A2E3A1A00842699 /* UserTableViewCell.swift */,
			);
			path = ParkingBooking;
			sourceTree = "<group>";
		};
		E25CAB372A62C62800E4ED04 /* ViewModel */ = {
			isa = PBXGroup;
			children = (
				E2056E1B2A62BF2B00511A4A /* EmployeeViewModel.swift */,
				E2E7A9AC2A6500A000C3B154 /* UserProfileViewModel.swift */,
				E2E7A9BA2A650F9D00C3B154 /* UploadImageViewModel.swift */,
				E2D814A82A66553400C6FC0B /* StartupViewModel.swift */,
			);
			path = ViewModel;
			sourceTree = "<group>";
		};
		E28241632A25D45E00360470 /* UiView */ = {
			isa = PBXGroup;
			children = (
				E2B38BC62A24DB7C0050E0C5 /* MainViewController.swift */,
				E2B38BC82A24DB8C0050E0C5 /* UiViewController.swift */,
				E210200729F645F100484731 /* LabelDemoViewController.swift */,
				E2EFC00029F92B3F00C1E6D6 /* ProgressViewController.swift */,
				E266AEA62A0A7A7C00567C7E /* ActivityIndicatorAndWebViewController.swift */,
				E24FD86D2A0BC651002A73D6 /* UiSearchBarViewController.swift */,
				E2045C832A2230DA00798787 /* StackViewController.swift */,
				E2B2F70C2A1DF67D00F5BF8F /* ToolBarViewController.swift */,
				E2B2F70E2A1DF6B700F5BF8F /* PickerViewController.swift */,
				E2B2F7102A1DF71C00F5BF8F /* MapViewController.swift */,
				E2045C852A22310A00798787 /* TabBarViewController.swift */,
			);
			path = UiView;
			sourceTree = "<group>";
		};
		E28241642A25D52A00360470 /* UiControl */ = {
			isa = PBXGroup;
			children = (
				E2045C792A2223DD00798787 /* UiControlViewController.swift */,
				E2DAAFF929FA6887001AE9D0 /* StepperDemoViewController.swift */,
				E2DAAFF529FA3436001AE9D0 /* PageControlViewController.swift */,
				E2EFC00229F9478200C1E6D6 /* SegmentedControlViewController.swift */,
				E2EFBFFE29F9178E00C1E6D6 /* SliderDemoViewController.swift */,
				E2EFBFFC29F8FADB00C1E6D6 /* SwitchDemoViewController.swift */,
				E25C86BA29F7B7CA00073BED /* TextFieldDemoViewController.swift */,
				E210201729F679E000484731 /* ButtonDemoViewController.swift */,
			);
			path = UiControl;
			sourceTree = "<group>";
		};
		E28241652A25D57A00360470 /* UiScrollView */ = {
			isa = PBXGroup;
			children = (
				E2045C772A22238000798787 /* UiScrollViewController.swift */,
				E2DAAFF729FA37E6001AE9D0 /* ScrollViewDemoViewController.swift */,
				E25C86BC29F7F9FA00073BED /* TextViewDemoViewController.swift */,
				E2045C752A221F8500798787 /* TableView */,
				E2045C762A221FD500798787 /* CollectionView */,
			);
			path = UiScrollView;
			sourceTree = "<group>";
		};
		E28241662A25D66500360470 /* UINavigationController */ = {
			isa = PBXGroup;
			children = (
				E2045C7D2A22240E00798787 /* UiNavigationViewController.swift */,
				E266AEA42A0A52DE00567C7E /* ImagePickerDemoViewController.swift */,
				E2E6D4C92A0D0092009BFF19 /* PhPickerDemoViewController.swift */,
				E2FB42EA2A289D98001EBA62 /* Navigation */,
			);
			path = UINavigationController;
			sourceTree = "<group>";
		};
		E28241682A25D6CB00360470 /* UiScreen */ = {
			isa = PBXGroup;
			children = (
				E2347DDF2A67A90C00128F0D /* ViewModel */,
				E2347DDC2A67A8CC00128F0D /* Model */,
				E2F768E62A248207008197CC /* AutoLayoutViewController.swift */,
				E2347DD82A67A89D00128F0D /* LoginViewController.swift */,
				E2347DDA2A67A8BC00128F0D /* SignUpViewController.swift */,
			);
			path = UiScreen;
			sourceTree = "<group>";
		};
		E28241692A25D71A00360470 /* ViewCoordinator */ = {
			isa = PBXGroup;
			children = (
				E282415F2A25BA3100360470 /* Coordinator.swift */,
				E28241612A25BA5000360470 /* AppCoordinator.swift */,
			);
			path = ViewCoordinator;
			sourceTree = "<group>";
		};
		E282416B2A25FACC00360470 /* TableViewCommonCells */ = {
			isa = PBXGroup;
			children = (
				E2045C7F2A2224CA00798787 /* ViewControllerTableViewCell.swift */,
				E2045C802A2224CA00798787 /* ViewControllerTableViewCell.xib */,
			);
			path = TableViewCommonCells;
			sourceTree = "<group>";
		};
		E282416C2A25FB4B00360470 /* Delegate */ = {
			isa = PBXGroup;
			children = (
				E210200329F645F100484731 /* AppDelegate.swift */,
				E210200529F645F100484731 /* SceneDelegate.swift */,
			);
			path = Delegate;
			sourceTree = "<group>";
		};
		E29E8D0A2A62AE5A001A0F28 /* ParkingAccess */ = {
			isa = PBXGroup;
			children = (
				E29E8D0C2A62AE77001A0F28 /* ParkingLotViewCell.xib */,
				E29E8D102A62AEC5001A0F28 /* TimesheetViewCell.xib */,
				E29E8D132A62AF75001A0F28 /* ParkingBooking.storyboard */,
			);
			path = ParkingAccess;
			sourceTree = "<group>";
		};
		E29E8D172A62B0B9001A0F28 /* ParkingAccess */ = {
			isa = PBXGroup;
			children = (
				E29E8D0B2A62AE77001A0F28 /* ParkingLotViewCell.swift */,
				E29E8D0F2A62AEC5001A0F28 /* TimesheetViewCell.swift */,
				E29E8D152A62B035001A0F28 /* ParkingLotViewController.swift */,
			);
			path = ParkingAccess;
			sourceTree = "<group>";
		};
		E2AD257B2A2F3D7E009CAD1C /* Poppins */ = {
			isa = PBXGroup;
			children = (
				E268926F2A604BEF00FD50C2 /* Poppins-Light.ttf */,
				E2AD25812A2F3D7E009CAD1C /* Poppins-Medium.ttf */,
				E2AD25882A2F3D7E009CAD1C /* Poppins-Bold.ttf */,
				E2AD258B2A2F3D7E009CAD1C /* Poppins-SemiBold.ttf */,
			);
			path = Poppins;
			sourceTree = "<group>";
		};
		E2E044062A2DD9700062E91F /* ParkingBooking */ = {
			isa = PBXGroup;
			children = (
				E2E044042A2DD96C0062E91F /* ParkingLotBook.storyboard */,
				E2E0440C2A2DF01E0062E91F /* ParkingDetailTableViewCell.xib */,
				E2BF1B842A2E1834005B4AA0 /* AmenitiesCollectionViewCell.xib */,
				E2EF90C72A2E3A1A00842699 /* UserTableViewCell.xib */,
			);
			path = ParkingBooking;
			sourceTree = "<group>";
		};
		E2FB42EA2A289D98001EBA62 /* Navigation */ = {
			isa = PBXGroup;
			children = (
				E2FB42E22A289D79001EBA62 /* FirstViewController.swift */,
				E2FB42E42A289D82001EBA62 /* SecondViewController.swift */,
				E2FB42E62A289D8B001EBA62 /* ThirdViewController.swift */,
				E2FB42E82A289D92001EBA62 /* FourthViewController.swift */,
			);
			path = Navigation;
			sourceTree = "<group>";
		};
/* End PBXGroup section */

/* Begin PBXNativeTarget section */
		E2101FFF29F645F100484731 /* UIComponents */ = {
			isa = PBXNativeTarget;
			buildConfigurationList = E210201429F645F200484731 /* Build configuration list for PBXNativeTarget "UIComponents" */;
			buildPhases = (
				CAF77332C4F06B2342336802 /* [CP] Check Pods Manifest.lock */,
				E2101FFC29F645F100484731 /* Sources */,
				E2101FFD29F645F100484731 /* Frameworks */,
				E2101FFE29F645F100484731 /* Resources */,
				FEC86875F1F4D38E48D853B1 /* [CP] Embed Pods Frameworks */,
			);
			buildRules = (
			);
			dependencies = (
			);
			name = UIComponents;
			productName = UIComponents;
			productReference = E210200029F645F100484731 /* UIComponents.app */;
			productType = "com.apple.product-type.application";
		};
/* End PBXNativeTarget section */

/* Begin PBXProject section */
		E2101FF829F645F100484731 /* Project object */ = {
			isa = PBXProject;
			attributes = {
				BuildIndependentTargetsInParallel = 1;
				LastSwiftUpdateCheck = 1420;
				LastUpgradeCheck = 1420;
				TargetAttributes = {
					E2101FFF29F645F100484731 = {
						CreatedOnToolsVersion = 14.2;
					};
				};
			};
			buildConfigurationList = E2101FFB29F645F100484731 /* Build configuration list for PBXProject "UIComponents" */;
			compatibilityVersion = "Xcode 14.0";
			developmentRegion = en;
			hasScannedForEncodings = 0;
			knownRegions = (
				en,
				Base,
			);
			mainGroup = E2101FF729F645F100484731;
			productRefGroup = E210200129F645F100484731 /* Products */;
			projectDirPath = "";
			projectRoot = "";
			targets = (
				E2101FFF29F645F100484731 /* UIComponents */,
			);
		};
/* End PBXProject section */

/* Begin PBXResourcesBuildPhase section */
		E2101FFE29F645F100484731 /* Resources */ = {
			isa = PBXResourcesBuildPhase;
			buildActionMask = 2147483647;
			files = (
				E2E7A9B52A65025700C3B154 /* UserProfileTableViewCell.xib in Resources */,
				E2E7A9C72A6523BC00C3B154 /* StartupTableViewCell.xib in Resources */,
				E2BF1B862A2E1834005B4AA0 /* AmenitiesCollectionViewCell.xib in Resources */,
				E23BAEF82A04B39C00803E20 /* UIControl.storyboard in Resources */,
				E28C6D722A027CD4006581DD /* UIScrollView.storyboard in Resources */,
				E2056E142A62BD1200511A4A /* WebService.storyboard in Resources */,
				E29E8D142A62AF75001A0F28 /* ParkingBooking.storyboard in Resources */,
				E2E0440E2A2DF01E0062E91F /* ParkingDetailTableViewCell.xib in Resources */,
				E2EF90C92A2E3A1A00842699 /* UserTableViewCell.xib in Resources */,
				E210201029F645F200484731 /* LaunchScreen.storyboard in Resources */,
				E2AD259A2A2F3D7E009CAD1C /* Poppins-Bold.ttf in Resources */,
				E2B0A5B12A0558AE00DE1D3A /* UIScreen.storyboard in Resources */,
				E210200D29F645F200484731 /* Assets.xcassets in Resources */,
				E29E8D0E2A62AE77001A0F28 /* ParkingLotViewCell.xib in Resources */,
				E210200B29F645F100484731 /* Main.storyboard in Resources */,
				E26892702A604BEF00FD50C2 /* Poppins-Light.ttf in Resources */,
				E2AD25932A2F3D7E009CAD1C /* Poppins-Medium.ttf in Resources */,
				E2045C822A2224CB00798787 /* ViewControllerTableViewCell.xib in Resources */,
				E2FF14082A08C26C0016DA63 /* GameCharactersCollectionViewCell.xib in Resources */,
				E29E8D122A62AEC5001A0F28 /* TimesheetViewCell.xib in Resources */,
				E2AD259D2A2F3D7E009CAD1C /* Poppins-SemiBold.ttf in Resources */,
				E25D274A2A0A0C08004A141F /* GameCharacterCollectionHeader.xib in Resources */,
				E266AEA32A0A4F0D00567C7E /* UINavigationController.storyboard in Resources */,
				E2E044052A2DD96C0062E91F /* ParkingLotBook.storyboard in Resources */,
				E2512CBA29FBE04700063AAE /* TableViewCellWithXIB.xib in Resources */,
			);
			runOnlyForDeploymentPostprocessing = 0;
		};
/* End PBXResourcesBuildPhase section */

/* Begin PBXShellScriptBuildPhase section */
		CAF77332C4F06B2342336802 /* [CP] Check Pods Manifest.lock */ = {
			isa = PBXShellScriptBuildPhase;
			buildActionMask = 2147483647;
			files = (
			);
			inputFileListPaths = (
			);
			inputPaths = (
				"${PODS_PODFILE_DIR_PATH}/Podfile.lock",
				"${PODS_ROOT}/Manifest.lock",
			);
			name = "[CP] Check Pods Manifest.lock";
			outputFileListPaths = (
			);
			outputPaths = (
				"$(DERIVED_FILE_DIR)/Pods-UIComponents-checkManifestLockResult.txt",
			);
			runOnlyForDeploymentPostprocessing = 0;
			shellPath = /bin/sh;
			shellScript = "diff \"${PODS_PODFILE_DIR_PATH}/Podfile.lock\" \"${PODS_ROOT}/Manifest.lock\" > /dev/null\nif [ $? != 0 ] ; then\n    # print error to STDERR\n    echo \"error: The sandbox is not in sync with the Podfile.lock. Run 'pod install' or update your CocoaPods installation.\" >&2\n    exit 1\nfi\n# This output is used by Xcode 'outputs' to avoid re-running this script phase.\necho \"SUCCESS\" > \"${SCRIPT_OUTPUT_FILE_0}\"\n";
			showEnvVarsInLog = 0;
		};
		FEC86875F1F4D38E48D853B1 /* [CP] Embed Pods Frameworks */ = {
			isa = PBXShellScriptBuildPhase;
			buildActionMask = 2147483647;
			files = (
			);
			inputFileListPaths = (
				"${PODS_ROOT}/Target Support Files/Pods-UIComponents/Pods-UIComponents-frameworks-${CONFIGURATION}-input-files.xcfilelist",
			);
			name = "[CP] Embed Pods Frameworks";
			outputFileListPaths = (
				"${PODS_ROOT}/Target Support Files/Pods-UIComponents/Pods-UIComponents-frameworks-${CONFIGURATION}-output-files.xcfilelist",
			);
			runOnlyForDeploymentPostprocessing = 0;
			shellPath = /bin/sh;
			shellScript = "\"${PODS_ROOT}/Target Support Files/Pods-UIComponents/Pods-UIComponents-frameworks.sh\"\n";
			showEnvVarsInLog = 0;
		};
/* End PBXShellScriptBuildPhase section */

/* Begin PBXSourcesBuildPhase section */
		E2101FFC29F645F100484731 /* Sources */ = {
			isa = PBXSourcesBuildPhase;
			buildActionMask = 2147483647;
			files = (
				E210200829F645F100484731 /* LabelDemoViewController.swift in Sources */,
				E28C6D6C2A0229E9006581DD /* JobProfileTableViewController.swift in Sources */,
				E24FD86E2A0BC651002A73D6 /* UiSearchBarViewController.swift in Sources */,
				E2FB42E92A289D92001EBA62 /* FourthViewController.swift in Sources */,
				E28C6D702A023237006581DD /* ProfileDetailsCell.swift in Sources */,
				E2B2F70D2A1DF67D00F5BF8F /* ToolBarViewController.swift in Sources */,
				E28241622A25BA5000360470 /* AppCoordinator.swift in Sources */,
				E210200429F645F100484731 /* AppDelegate.swift in Sources */,
				E29E8D162A62B035001A0F28 /* ParkingLotViewController.swift in Sources */,
				E28CCC972A03B70600EFE901 /* AppConstants.swift in Sources */,
				E2E6D4CC2A0D0E65009BFF19 /* NatureImageCell.swift in Sources */,
				E2431AAC2A0A48B600DEE5A2 /* UIImages.swift in Sources */,
				E2056E1E2A62BF8000511A4A /* DynamicClass.swift in Sources */,
				E2E7A9B42A65025700C3B154 /* UserProfileTableViewCell.swift in Sources */,
				E2664DCB2A0BD26700DAF867 /* Country.swift in Sources */,
				E25CAB362A62C5DF00E4ED04 /* ApiRequest.swift in Sources */,
				E213E4BE2A00E5F7002DB1F5 /* Ecommerce.swift in Sources */,
				E2FB20A929FF8532000250C9 /* TableViewdelegatesViewController.swift in Sources */,
				E2347DD92A67A89D00128F0D /* LoginViewController.swift in Sources */,
				E2E0440A2A2DE0990062E91F /* ParkingDetail.swift in Sources */,
				E218F8D12A134DAC00D890CB /* Enumeration.swift in Sources */,
				E2056E242A62C16B00511A4A /* ApiManager.swift in Sources */,
				E2DAAFF629FA3436001AE9D0 /* PageControlViewController.swift in Sources */,
				E2E7A9AB2A65006400C3B154 /* UserProfileViewController.swift in Sources */,
				E2E044082A2DD9C50062E91F /* AssignedParkingViewController.swift in Sources */,
				E2E7A9C12A65230E00C3B154 /* StartupViewController.swift in Sources */,
				E25C86BD29F7F9FA00073BED /* TextViewDemoViewController.swift in Sources */,
				E2E0440D2A2DF01E0062E91F /* ParkingDetailTableViewCell.swift in Sources */,
				E2DAAFFA29FA6887001AE9D0 /* StepperDemoViewController.swift in Sources */,
				E25CAB392A62C6CC00E4ED04 /* WebServiceViewController.swift in Sources */,
				E2E7A9BD2A650FC400C3B154 /* UploadImageResponse.swift in Sources */,
				E25D27492A0A0C08004A141F /* GameCharacterCollectionHeader.swift in Sources */,
				E2045C842A2230DA00798787 /* StackViewController.swift in Sources */,
				E2E7A9B72A65033800C3B154 /* UserDetailsViewController.swift in Sources */,
				E2FF140A2A08CA220016DA63 /* Game.swift in Sources */,
				E2E7A9B92A650F8100C3B154 /* UploadImageViewController.swift in Sources */,
				E2B2F7132A1E016800F5BF8F /* Organization.swift in Sources */,
				E2FF14072A08C26C0016DA63 /* GameCharactersCollectionViewCell.swift in Sources */,
				E2B2F7112A1DF71C00F5BF8F /* MapViewController.swift in Sources */,
				E2045C7E2A22240E00798787 /* UiNavigationViewController.swift in Sources */,
				E2B38BC72A24DB7C0050E0C5 /* MainViewController.swift in Sources */,
				E2E6D4CA2A0D0092009BFF19 /* PhPickerDemoViewController.swift in Sources */,
				E2D814A92A66553400C6FC0B /* StartupViewModel.swift in Sources */,
				E2056E202A62BFC100511A4A /* UiViewExtension.swift in Sources */,
				E2DAAFF829FA37E6001AE9D0 /* ScrollViewDemoViewController.swift in Sources */,
				E2E7A9AD2A6500A000C3B154 /* UserProfileViewModel.swift in Sources */,
				E2FB42E32A289D79001EBA62 /* FirstViewController.swift in Sources */,
				E2EFC00329F9478200C1E6D6 /* SegmentedControlViewController.swift in Sources */,
				E2056E172A62BE2500511A4A /* EmployeeViewController.swift in Sources */,
				E266AEA72A0A7A7C00567C7E /* ActivityIndicatorAndWebViewController.swift in Sources */,
				E2347DDB2A67A8BC00128F0D /* SignUpViewController.swift in Sources */,
				E28241602A25BA3100360470 /* Coordinator.swift in Sources */,
				E2512CB929FBE04700063AAE /* TableViewCellWithXIB.swift in Sources */,
				E2347DDE2A67A8F300128F0D /* LoginSignupModel.swift in Sources */,
				E2BF1B7E2A2DFE4F005B4AA0 /* ParkingDetailsViewController.swift in Sources */,
				E2B2F70F2A1DF6B700F5BF8F /* PickerViewController.swift in Sources */,
				E2FB42E52A289D82001EBA62 /* SecondViewController.swift in Sources */,
				E2307D992A01013B00879DB4 /* CartItemCell.swift in Sources */,
				E2E7A9C92A65266E00C3B154 /* GovermentApiRequest.swift in Sources */,
				E2F768E72A248207008197CC /* AutoLayoutViewController.swift in Sources */,
				E2E7A9C62A6523BC00C3B154 /* StartupTableViewCell.swift in Sources */,
				E2512CB429FBA82D00063AAE /* TableViewDemoViewController.swift in Sources */,
				E243F22D2A627FB200C55446 /* ParkingLotModel.swift in Sources */,
				E2FB20AB29FF8C40000250C9 /* TableViewDelegatesCell.swift in Sources */,
				E2FB42E72A289D8B001EBA62 /* ThirdViewController.swift in Sources */,
				E29E8D112A62AEC5001A0F28 /* TimesheetViewCell.swift in Sources */,
				E2FF14042A08BDBA0016DA63 /* CollectionViewDemoViewController.swift in Sources */,
				E2B2F7152A1E018100F5BF8F /* PlaceInformation.swift in Sources */,
				E2307D972A0100B400879DB4 /* CartTableViewController.swift in Sources */,
				E2E7A9AF2A65010900C3B154 /* UserProfileModel.swift in Sources */,
				E2347DE12A67A93000128F0D /* SignUpViewModel.swift in Sources */,
				E29E8D0D2A62AE77001A0F28 /* ParkingLotViewCell.swift in Sources */,
				E2E7A9BB2A650F9D00C3B154 /* UploadImageViewModel.swift in Sources */,
				E24263E72A21FDB800D0207F /* ControllerIdentifiers.swift in Sources */,
				E2347DE32A67A94600128F0D /* LoginViewModel.swift in Sources */,
				E2E7A9BF2A651CF800C3B154 /* UploadRequest.swift in Sources */,
				E2E7A9C32A65234800C3B154 /* StartupDetailModel.swift in Sources */,
				E25C86BB29F7B7CA00073BED /* TextFieldDemoViewController.swift in Sources */,
				E2045C862A22310A00798787 /* TabBarViewController.swift in Sources */,
				E266AEA52A0A52DE00567C7E /* ImagePickerDemoViewController.swift in Sources */,
				E28C6D6E2A022A87006581DD /* JobProfileData.swift in Sources */,
				E2056E1C2A62BF2B00511A4A /* EmployeeViewModel.swift in Sources */,
				E2BF1B852A2E1834005B4AA0 /* AmenitiesCollectionViewCell.swift in Sources */,
				E2EFC00129F92B3F00C1E6D6 /* ProgressViewController.swift in Sources */,
				E2EF90C82A2E3A1A00842699 /* UserTableViewCell.swift in Sources */,
				E2056E222A62C0EA00511A4A /* EmployeeModel.swift in Sources */,
				E2045C812A2224CA00798787 /* ViewControllerTableViewCell.swift in Sources */,
				E2045C782A22238000798787 /* UiScrollViewController.swift in Sources */,
				E2B38BC92A24DB8D0050E0C5 /* UiViewController.swift in Sources */,
				E2EFBFFF29F9178E00C1E6D6 /* SliderDemoViewController.swift in Sources */,
				E210200629F645F100484731 /* SceneDelegate.swift in Sources */,
				E210201829F679E000484731 /* ButtonDemoViewController.swift in Sources */,
				E2045C7A2A2223DD00798787 /* UiControlViewController.swift in Sources */,
				E2EFBFFD29F8FADB00C1E6D6 /* SwitchDemoViewController.swift in Sources */,
			);
			runOnlyForDeploymentPostprocessing = 0;
		};
/* End PBXSourcesBuildPhase section */

/* Begin PBXVariantGroup section */
		E210200929F645F100484731 /* Main.storyboard */ = {
			isa = PBXVariantGroup;
			children = (
				E210200A29F645F100484731 /* Base */,
			);
			name = Main.storyboard;
			sourceTree = "<group>";
		};
		E210200E29F645F200484731 /* LaunchScreen.storyboard */ = {
			isa = PBXVariantGroup;
			children = (
				E210200F29F645F200484731 /* Base */,
			);
			name = LaunchScreen.storyboard;
			sourceTree = "<group>";
		};
/* End PBXVariantGroup section */

/* Begin XCBuildConfiguration section */
		E210201229F645F200484731 /* Debug */ = {
			isa = XCBuildConfiguration;
			buildSettings = {
				ALWAYS_SEARCH_USER_PATHS = NO;
				CLANG_ANALYZER_NONNULL = YES;
				CLANG_ANALYZER_NUMBER_OBJECT_CONVERSION = YES_AGGRESSIVE;
				CLANG_CXX_LANGUAGE_STANDARD = "gnu++20";
				CLANG_ENABLE_MODULES = YES;
				CLANG_ENABLE_OBJC_ARC = YES;
				CLANG_ENABLE_OBJC_WEAK = YES;
				CLANG_WARN_BLOCK_CAPTURE_AUTORELEASING = YES;
				CLANG_WARN_BOOL_CONVERSION = YES;
				CLANG_WARN_COMMA = YES;
				CLANG_WARN_CONSTANT_CONVERSION = YES;
				CLANG_WARN_DEPRECATED_OBJC_IMPLEMENTATIONS = YES;
				CLANG_WARN_DIRECT_OBJC_ISA_USAGE = YES_ERROR;
				CLANG_WARN_DOCUMENTATION_COMMENTS = YES;
				CLANG_WARN_EMPTY_BODY = YES;
				CLANG_WARN_ENUM_CONVERSION = YES;
				CLANG_WARN_INFINITE_RECURSION = YES;
				CLANG_WARN_INT_CONVERSION = YES;
				CLANG_WARN_NON_LITERAL_NULL_CONVERSION = YES;
				CLANG_WARN_OBJC_IMPLICIT_RETAIN_SELF = YES;
				CLANG_WARN_OBJC_LITERAL_CONVERSION = YES;
				CLANG_WARN_OBJC_ROOT_CLASS = YES_ERROR;
				CLANG_WARN_QUOTED_INCLUDE_IN_FRAMEWORK_HEADER = YES;
				CLANG_WARN_RANGE_LOOP_ANALYSIS = YES;
				CLANG_WARN_STRICT_PROTOTYPES = YES;
				CLANG_WARN_SUSPICIOUS_MOVE = YES;
				CLANG_WARN_UNGUARDED_AVAILABILITY = YES_AGGRESSIVE;
				CLANG_WARN_UNREACHABLE_CODE = YES;
				CLANG_WARN__DUPLICATE_METHOD_MATCH = YES;
				COPY_PHASE_STRIP = NO;
				DEBUG_INFORMATION_FORMAT = dwarf;
				ENABLE_STRICT_OBJC_MSGSEND = YES;
				ENABLE_TESTABILITY = YES;
				GCC_C_LANGUAGE_STANDARD = gnu11;
				GCC_DYNAMIC_NO_PIC = NO;
				GCC_NO_COMMON_BLOCKS = YES;
				GCC_OPTIMIZATION_LEVEL = 0;
				GCC_PREPROCESSOR_DEFINITIONS = (
					"DEBUG=1",
					"$(inherited)",
				);
				GCC_WARN_64_TO_32_BIT_CONVERSION = YES;
				GCC_WARN_ABOUT_RETURN_TYPE = YES_ERROR;
				GCC_WARN_UNDECLARED_SELECTOR = YES;
				GCC_WARN_UNINITIALIZED_AUTOS = YES_AGGRESSIVE;
				GCC_WARN_UNUSED_FUNCTION = YES;
				GCC_WARN_UNUSED_VARIABLE = YES;
				IPHONEOS_DEPLOYMENT_TARGET = 16.2;
				MTL_ENABLE_DEBUG_INFO = INCLUDE_SOURCE;
				MTL_FAST_MATH = YES;
				ONLY_ACTIVE_ARCH = YES;
				SDKROOT = iphoneos;
				SWIFT_ACTIVE_COMPILATION_CONDITIONS = DEBUG;
				SWIFT_OPTIMIZATION_LEVEL = "-Onone";
			};
			name = Debug;
		};
		E210201329F645F200484731 /* Release */ = {
			isa = XCBuildConfiguration;
			buildSettings = {
				ALWAYS_SEARCH_USER_PATHS = NO;
				CLANG_ANALYZER_NONNULL = YES;
				CLANG_ANALYZER_NUMBER_OBJECT_CONVERSION = YES_AGGRESSIVE;
				CLANG_CXX_LANGUAGE_STANDARD = "gnu++20";
				CLANG_ENABLE_MODULES = YES;
				CLANG_ENABLE_OBJC_ARC = YES;
				CLANG_ENABLE_OBJC_WEAK = YES;
				CLANG_WARN_BLOCK_CAPTURE_AUTORELEASING = YES;
				CLANG_WARN_BOOL_CONVERSION = YES;
				CLANG_WARN_COMMA = YES;
				CLANG_WARN_CONSTANT_CONVERSION = YES;
				CLANG_WARN_DEPRECATED_OBJC_IMPLEMENTATIONS = YES;
				CLANG_WARN_DIRECT_OBJC_ISA_USAGE = YES_ERROR;
				CLANG_WARN_DOCUMENTATION_COMMENTS = YES;
				CLANG_WARN_EMPTY_BODY = YES;
				CLANG_WARN_ENUM_CONVERSION = YES;
				CLANG_WARN_INFINITE_RECURSION = YES;
				CLANG_WARN_INT_CONVERSION = YES;
				CLANG_WARN_NON_LITERAL_NULL_CONVERSION = YES;
				CLANG_WARN_OBJC_IMPLICIT_RETAIN_SELF = YES;
				CLANG_WARN_OBJC_LITERAL_CONVERSION = YES;
				CLANG_WARN_OBJC_ROOT_CLASS = YES_ERROR;
				CLANG_WARN_QUOTED_INCLUDE_IN_FRAMEWORK_HEADER = YES;
				CLANG_WARN_RANGE_LOOP_ANALYSIS = YES;
				CLANG_WARN_STRICT_PROTOTYPES = YES;
				CLANG_WARN_SUSPICIOUS_MOVE = YES;
				CLANG_WARN_UNGUARDED_AVAILABILITY = YES_AGGRESSIVE;
				CLANG_WARN_UNREACHABLE_CODE = YES;
				CLANG_WARN__DUPLICATE_METHOD_MATCH = YES;
				COPY_PHASE_STRIP = NO;
				DEBUG_INFORMATION_FORMAT = "dwarf-with-dsym";
				ENABLE_NS_ASSERTIONS = NO;
				ENABLE_STRICT_OBJC_MSGSEND = YES;
				GCC_C_LANGUAGE_STANDARD = gnu11;
				GCC_NO_COMMON_BLOCKS = YES;
				GCC_WARN_64_TO_32_BIT_CONVERSION = YES;
				GCC_WARN_ABOUT_RETURN_TYPE = YES_ERROR;
				GCC_WARN_UNDECLARED_SELECTOR = YES;
				GCC_WARN_UNINITIALIZED_AUTOS = YES_AGGRESSIVE;
				GCC_WARN_UNUSED_FUNCTION = YES;
				GCC_WARN_UNUSED_VARIABLE = YES;
				IPHONEOS_DEPLOYMENT_TARGET = 16.2;
				MTL_ENABLE_DEBUG_INFO = NO;
				MTL_FAST_MATH = YES;
				SDKROOT = iphoneos;
				SWIFT_COMPILATION_MODE = wholemodule;
				SWIFT_OPTIMIZATION_LEVEL = "-O";
				VALIDATE_PRODUCT = YES;
			};
			name = Release;
		};
		E210201529F645F200484731 /* Debug */ = {
			isa = XCBuildConfiguration;
			baseConfigurationReference = 12F87255890FB12FC5BB9665 /* Pods-UIComponents.debug.xcconfig */;
			buildSettings = {
				ASSETCATALOG_COMPILER_APPICON_NAME = AppIcon;
				ASSETCATALOG_COMPILER_GLOBAL_ACCENT_COLOR_NAME = AccentColor;
				CODE_SIGN_STYLE = Automatic;
				CURRENT_PROJECT_VERSION = 1;
				GENERATE_INFOPLIST_FILE = YES;
				INFOPLIST_FILE = UIComponents/Info.plist;
				INFOPLIST_KEY_UIApplicationSupportsIndirectInputEvents = YES;
				INFOPLIST_KEY_UILaunchStoryboardName = LaunchScreen;
				INFOPLIST_KEY_UIMainStoryboardFile = Main;
				INFOPLIST_KEY_UISupportedInterfaceOrientations_iPad = "UIInterfaceOrientationPortrait UIInterfaceOrientationPortraitUpsideDown UIInterfaceOrientationLandscapeLeft UIInterfaceOrientationLandscapeRight";
				INFOPLIST_KEY_UISupportedInterfaceOrientations_iPhone = "UIInterfaceOrientationPortrait UIInterfaceOrientationLandscapeLeft UIInterfaceOrientationLandscapeRight";
				LD_RUNPATH_SEARCH_PATHS = (
					"$(inherited)",
					"@executable_path/Frameworks",
				);
				MARKETING_VERSION = 1.0;
				PRODUCT_BUNDLE_IDENTIFIER = com.simform.UIComponents;
				PRODUCT_NAME = "$(TARGET_NAME)";
				SWIFT_EMIT_LOC_STRINGS = YES;
				SWIFT_VERSION = 5.0;
				TARGETED_DEVICE_FAMILY = "1,2";
			};
			name = Debug;
		};
		E210201629F645F200484731 /* Release */ = {
			isa = XCBuildConfiguration;
			baseConfigurationReference = FE2BD00151F55555CC74A283 /* Pods-UIComponents.release.xcconfig */;
			buildSettings = {
				ASSETCATALOG_COMPILER_APPICON_NAME = AppIcon;
				ASSETCATALOG_COMPILER_GLOBAL_ACCENT_COLOR_NAME = AccentColor;
				CODE_SIGN_STYLE = Automatic;
				CURRENT_PROJECT_VERSION = 1;
				GENERATE_INFOPLIST_FILE = YES;
				INFOPLIST_FILE = UIComponents/Info.plist;
				INFOPLIST_KEY_UIApplicationSupportsIndirectInputEvents = YES;
				INFOPLIST_KEY_UILaunchStoryboardName = LaunchScreen;
				INFOPLIST_KEY_UIMainStoryboardFile = Main;
				INFOPLIST_KEY_UISupportedInterfaceOrientations_iPad = "UIInterfaceOrientationPortrait UIInterfaceOrientationPortraitUpsideDown UIInterfaceOrientationLandscapeLeft UIInterfaceOrientationLandscapeRight";
				INFOPLIST_KEY_UISupportedInterfaceOrientations_iPhone = "UIInterfaceOrientationPortrait UIInterfaceOrientationLandscapeLeft UIInterfaceOrientationLandscapeRight";
				LD_RUNPATH_SEARCH_PATHS = (
					"$(inherited)",
					"@executable_path/Frameworks",
				);
				MARKETING_VERSION = 1.0;
				PRODUCT_BUNDLE_IDENTIFIER = com.simform.UIComponents;
				PRODUCT_NAME = "$(TARGET_NAME)";
				SWIFT_EMIT_LOC_STRINGS = YES;
				SWIFT_VERSION = 5.0;
				TARGETED_DEVICE_FAMILY = "1,2";
			};
			name = Release;
		};
/* End XCBuildConfiguration section */

/* Begin XCConfigurationList section */
		E2101FFB29F645F100484731 /* Build configuration list for PBXProject "UIComponents" */ = {
			isa = XCConfigurationList;
			buildConfigurations = (
				E210201229F645F200484731 /* Debug */,
				E210201329F645F200484731 /* Release */,
			);
			defaultConfigurationIsVisible = 0;
			defaultConfigurationName = Release;
		};
		E210201429F645F200484731 /* Build configuration list for PBXNativeTarget "UIComponents" */ = {
			isa = XCConfigurationList;
			buildConfigurations = (
				E210201529F645F200484731 /* Debug */,
				E210201629F645F200484731 /* Release */,
			);
			defaultConfigurationIsVisible = 0;
			defaultConfigurationName = Release;
		};
/* End XCConfigurationList section */
	};
	rootObject = E2101FF829F645F100484731 /* Project object */;
}
